<Solution>
  <Folder Name="/src/">
    <Project Path="src/Dnd.Api/Dnd.Api.csproj" />
    <Project Path="src/Dnd.Application/Dnd.Application.csproj" />
    <Project Path="src/Dnd.Domain/Dnd.Domain.csproj" />
    <Project Path="src/Dnd.Infrastructure/Dnd.Infrastructure.csproj" />
  </Folder>
  <Folder Name="/tests/">
    <Project Path="tests/Dnd.Api.Tests/Dnd.Api.Tests.csproj" />
    <Project Path="tests/Dnd.Domain.Tests/Dnd.Domain.Tests.csproj" />
  </Folder>
</Solution>
